// !$*UTF8*$!
{
	archiveVersion = 1;
	classes = {
	};
	objectVersion = 50;
	objects = {

/* Begin PBXBuildFile section */
		169BFCD517BE073D33E931BB /* libPods-reactApp-reactAppTests.a in Frameworks */ = {isa = PBXBuildFile; fileRef = 26A489D59AECBC0D38B7C4A2 /* libPods-reactApp-reactAppTests.a */; };
		60E2C9752787FDA5C21C914B /* libPods-reactApp.a in Frameworks */ = {isa = PBXBuildFile; fileRef = 44A8DBBAF22C191A0955DEF0 /* libPods-reactApp.a */; };
		E671175825A86773001D5054 /* AppDelegate.swift in Sources */ = {isa = PBXBuildFile; fileRef = E671175725A86773001D5054 /* AppDelegate.swift */; };
		E671175A25A86773001D5054 /* SceneDelegate.swift in Sources */ = {isa = PBXBuildFile; fileRef = E671175925A86773001D5054 /* SceneDelegate.swift */; };
		E671175C25A86773001D5054 /* ViewController.swift in Sources */ = {isa = PBXBuildFile; fileRef = E671175B25A86773001D5054 /* ViewController.swift */; };
		E671175F25A86773001D5054 /* Main.storyboard in Resources */ = {isa = PBXBuildFile; fileRef = E671175D25A86773001D5054 /* Main.storyboard */; };
		E671176125A86777001D5054 /* Assets.xcassets in Resources */ = {isa = PBXBuildFile; fileRef = E671176025A86777001D5054 /* Assets.xcassets */; };
		E671176425A86777001D5054 /* LaunchScreen.storyboard in Resources */ = {isa = PBXBuildFile; fileRef = E671176225A86777001D5054 /* LaunchScreen.storyboard */; };
		E671176F25A86778001D5054 /* reactAppTests.swift in Sources */ = {isa = PBXBuildFile; fileRef = E671176E25A86778001D5054 /* reactAppTests.swift */; };
		E671177A25A86778001D5054 /* reactAppUITests.swift in Sources */ = {isa = PBXBuildFile; fileRef = E671177925A86778001D5054 /* reactAppUITests.swift */; };
/* End PBXBuildFile section */

/* Begin PBXContainerItemProxy section */
		E671176B25A86778001D5054 /* PBXContainerItemProxy */ = {
			isa = PBXContainerItemProxy;
			containerPortal = E671174C25A86773001D5054 /* Project object */;
			proxyType = 1;
			remoteGlobalIDString = E671175325A86773001D5054;
			remoteInfo = reactApp;
		};
		E671177625A86778001D5054 /* PBXContainerItemProxy */ = {
			isa = PBXContainerItemProxy;
			containerPortal = E671174C25A86773001D5054 /* Project object */;
			proxyType = 1;
			remoteGlobalIDString = E671175325A86773001D5054;
			remoteInfo = reactApp;
		};
/* End PBXContainerItemProxy section */

/* Begin PBXFileReference section */
		095467870220E0AC5AF4AC5E /* Pods-reactApp-reactAppTests.debug.xcconfig */ = {isa = PBXFileReference; includeInIndex = 1; lastKnownFileType = text.xcconfig; name = "Pods-reactApp-reactAppTests.debug.xcconfig"; path = "Target Support Files/Pods-reactApp-reactAppTests/Pods-reactApp-reactAppTests.debug.xcconfig"; sourceTree = "<group>"; };
		26A489D59AECBC0D38B7C4A2 /* libPods-reactApp-reactAppTests.a */ = {isa = PBXFileReference; explicitFileType = archive.ar; includeInIndex = 0; path = "libPods-reactApp-reactAppTests.a"; sourceTree = BUILT_PRODUCTS_DIR; };
		44A8DBBAF22C191A0955DEF0 /* libPods-reactApp.a */ = {isa = PBXFileReference; explicitFileType = archive.ar; includeInIndex = 0; path = "libPods-reactApp.a"; sourceTree = BUILT_PRODUCTS_DIR; };
		A50B8006A5553286200477E8 /* Pods-reactApp-reactAppTests.release.xcconfig */ = {isa = PBXFileReference; includeInIndex = 1; lastKnownFileType = text.xcconfig; name = "Pods-reactApp-reactAppTests.release.xcconfig"; path = "Target Support Files/Pods-reactApp-reactAppTests/Pods-reactApp-reactAppTests.release.xcconfig"; sourceTree = "<group>"; };
		B0F369ED191AAD8F8595D4B4 /* Pods-reactApp.release.xcconfig */ = {isa = PBXFileReference; includeInIndex = 1; lastKnownFileType = text.xcconfig; name = "Pods-reactApp.release.xcconfig"; path = "Target Support Files/Pods-reactApp/Pods-reactApp.release.xcconfig"; sourceTree = "<group>"; };
		E671175425A86773001D5054 /* reactApp.app */ = {isa = PBXFileReference; explicitFileType = wrapper.application; includeInIndex = 0; path = reactApp.app; sourceTree = BUILT_PRODUCTS_DIR; };
		E671175725A86773001D5054 /* AppDelegate.swift */ = {isa = PBXFileReference; lastKnownFileType = sourcecode.swift; path = AppDelegate.swift; sourceTree = "<group>"; };
		E671175925A86773001D5054 /* SceneDelegate.swift */ = {isa = PBXFileReference; lastKnownFileType = sourcecode.swift; path = SceneDelegate.swift; sourceTree = "<group>"; };
		E671175B25A86773001D5054 /* ViewController.swift */ = {isa = PBXFileReference; lastKnownFileType = sourcecode.swift; path = ViewController.swift; sourceTree = "<group>"; };
		E671175E25A86773001D5054 /* Base */ = {isa = PBXFileReference; lastKnownFileType = file.storyboard; name = Base; path = Base.lproj/Main.storyboard; sourceTree = "<group>"; };
		E671176025A86777001D5054 /* Assets.xcassets */ = {isa = PBXFileReference; lastKnownFileType = folder.assetcatalog; path = Assets.xcassets; sourceTree = "<group>"; };
		E671176325A86777001D5054 /* Base */ = {isa = PBXFileReference; lastKnownFileType = file.storyboard; name = Base; path = Base.lproj/LaunchScreen.storyboard; sourceTree = "<group>"; };
		E671176525A86777001D5054 /* Info.plist */ = {isa = PBXFileReference; lastKnownFileType = text.plist.xml; path = Info.plist; sourceTree = "<group>"; };
		E671176A25A86777001D5054 /* reactAppTests.xctest */ = {isa = PBXFileReference; explicitFileType = wrapper.cfbundle; includeInIndex = 0; path = reactAppTests.xctest; sourceTree = BUILT_PRODUCTS_DIR; };
		E671176E25A86778001D5054 /* reactAppTests.swift */ = {isa = PBXFileReference; lastKnownFileType = sourcecode.swift; path = reactAppTests.swift; sourceTree = "<group>"; };
		E671177025A86778001D5054 /* Info.plist */ = {isa = PBXFileReference; lastKnownFileType = text.plist.xml; path = Info.plist; sourceTree = "<group>"; };
		E671177525A86778001D5054 /* reactAppUITests.xctest */ = {isa = PBXFileReference; explicitFileType = wrapper.cfbundle; includeInIndex = 0; path = reactAppUITests.xctest; sourceTree = BUILT_PRODUCTS_DIR; };
		E671177925A86778001D5054 /* reactAppUITests.swift */ = {isa = PBXFileReference; lastKnownFileType = sourcecode.swift; path = reactAppUITests.swift; sourceTree = "<group>"; };
		E671177B25A86778001D5054 /* Info.plist */ = {isa = PBXFileReference; lastKnownFileType = text.plist.xml; path = Info.plist; sourceTree = "<group>"; };
		FFCB98381B5886A296AB9DAB /* Pods-reactApp.debug.xcconfig */ = {isa = PBXFileReference; includeInIndex = 1; lastKnownFileType = text.xcconfig; name = "Pods-reactApp.debug.xcconfig"; path = "Target Support Files/Pods-reactApp/Pods-reactApp.debug.xcconfig"; sourceTree = "<group>"; };
/* End PBXFileReference section */

/* Begin PBXFrameworksBuildPhase section */
		E671175125A86773001D5054 /* Frameworks */ = {
			isa = PBXFrameworksBuildPhase;
			buildActionMask = 2147483647;
			files = (
				60E2C9752787FDA5C21C914B /* libPods-reactApp.a in Frameworks */,
			);
			runOnlyForDeploymentPostprocessing = 0;
		};
		E671176725A86777001D5054 /* Frameworks */ = {
			isa = PBXFrameworksBuildPhase;
			buildActionMask = 2147483647;
			files = (
				169BFCD517BE073D33E931BB /* libPods-reactApp-reactAppTests.a in Frameworks */,
			);
			runOnlyForDeploymentPostprocessing = 0;
		};
		E671177225A86778001D5054 /* Frameworks */ = {
			isa = PBXFrameworksBuildPhase;
			buildActionMask = 2147483647;
			files = (
			);
			runOnlyForDeploymentPostprocessing = 0;
		};
/* End PBXFrameworksBuildPhase section */

/* Begin PBXGroup section */
		05B5F4B547A59D7459B04D5F /* Pods */ = {
			isa = PBXGroup;
			children = (
				FFCB98381B5886A296AB9DAB /* Pods-reactApp.debug.xcconfig */,
				B0F369ED191AAD8F8595D4B4 /* Pods-reactApp.release.xcconfig */,
				095467870220E0AC5AF4AC5E /* Pods-reactApp-reactAppTests.debug.xcconfig */,
				A50B8006A5553286200477E8 /* Pods-reactApp-reactAppTests.release.xcconfig */,
			);
			name = Pods;
			path = Pods;
			sourceTree = "<group>";
		};
		B27E94E9766F11102BC49B37 /* Frameworks */ = {
			isa = PBXGroup;
			children = (
				44A8DBBAF22C191A0955DEF0 /* libPods-reactApp.a */,
				26A489D59AECBC0D38B7C4A2 /* libPods-reactApp-reactAppTests.a */,
			);
			name = Frameworks;
			sourceTree = "<group>";
		};
		E671174B25A86773001D5054 = {
			isa = PBXGroup;
			children = (
				E671175625A86773001D5054 /* reactApp */,
				E671176D25A86778001D5054 /* reactAppTests */,
				E671177825A86778001D5054 /* reactAppUITests */,
				E671175525A86773001D5054 /* Products */,
				05B5F4B547A59D7459B04D5F /* Pods */,
				B27E94E9766F11102BC49B37 /* Frameworks */,
			);
			sourceTree = "<group>";
		};
		E671175525A86773001D5054 /* Products */ = {
			isa = PBXGroup;
			children = (
				E671175425A86773001D5054 /* reactApp.app */,
				E671176A25A86777001D5054 /* reactAppTests.xctest */,
				E671177525A86778001D5054 /* reactAppUITests.xctest */,
			);
			name = Products;
			sourceTree = "<group>";
		};
		E671175625A86773001D5054 /* reactApp */ = {
			isa = PBXGroup;
			children = (
				E671175725A86773001D5054 /* AppDelegate.swift */,
				E671175925A86773001D5054 /* SceneDelegate.swift */,
				E671175B25A86773001D5054 /* ViewController.swift */,
				E671175D25A86773001D5054 /* Main.storyboard */,
				E671176025A86777001D5054 /* Assets.xcassets */,
				E671176225A86777001D5054 /* LaunchScreen.storyboard */,
				E671176525A86777001D5054 /* Info.plist */,
			);
			path = reactApp;
			sourceTree = "<group>";
		};
		E671176D25A86778001D5054 /* reactAppTests */ = {
			isa = PBXGroup;
			children = (
				E671176E25A86778001D5054 /* reactAppTests.swift */,
				E671177025A86778001D5054 /* Info.plist */,
			);
			path = reactAppTests;
			sourceTree = "<group>";
		};
		E671177825A86778001D5054 /* reactAppUITests */ = {
			isa = PBXGroup;
			children = (
				E671177925A86778001D5054 /* reactAppUITests.swift */,
				E671177B25A86778001D5054 /* Info.plist */,
			);
			path = reactAppUITests;
			sourceTree = "<group>";
		};
/* End PBXGroup section */

/* Begin PBXNativeTarget section */
		E671175325A86773001D5054 /* reactApp */ = {
			isa = PBXNativeTarget;
			buildConfigurationList = E671177E25A86778001D5054 /* Build configuration list for PBXNativeTarget "reactApp" */;
			buildPhases = (
				D6F7A971FD75A4F0DA5028B2 /* [CP] Check Pods Manifest.lock */,
				E671175025A86773001D5054 /* Sources */,
				E671175125A86773001D5054 /* Frameworks */,
				E671175225A86773001D5054 /* Resources */,
				B1FE429BCD7566D5D3758194 /* [CP] Copy Pods Resources */,
			);
			buildRules = (
			);
			dependencies = (
			);
			name = reactApp;
			productName = reactApp;
			productReference = E671175425A86773001D5054 /* reactApp.app */;
			productType = "com.apple.product-type.application";
		};
		E671176925A86777001D5054 /* reactAppTests */ = {
			isa = PBXNativeTarget;
			buildConfigurationList = E671178125A86778001D5054 /* Build configuration list for PBXNativeTarget "reactAppTests" */;
			buildPhases = (
				F855A684D9C78393A1852AA1 /* [CP] Check Pods Manifest.lock */,
				E671176625A86777001D5054 /* Sources */,
				E671176725A86777001D5054 /* Frameworks */,
				E671176825A86777001D5054 /* Resources */,
				971F7369655B3C7E6F27AAA8 /* [CP] Copy Pods Resources */,
			);
			buildRules = (
			);
			dependencies = (
				E671176C25A86778001D5054 /* PBXTargetDependency */,
			);
			name = reactAppTests;
			productName = reactAppTests;
			productReference = E671176A25A86777001D5054 /* reactAppTests.xctest */;
			productType = "com.apple.product-type.bundle.unit-test";
		};
		E671177425A86778001D5054 /* reactAppUITests */ = {
			isa = PBXNativeTarget;
			buildConfigurationList = E671178425A86778001D5054 /* Build configuration list for PBXNativeTarget "reactAppUITests" */;
			buildPhases = (
				E671177125A86778001D5054 /* Sources */,
				E671177225A86778001D5054 /* Frameworks */,
				E671177325A86778001D5054 /* Resources */,
			);
			buildRules = (
			);
			dependencies = (
				E671177725A86778001D5054 /* PBXTargetDependency */,
			);
			name = reactAppUITests;
			productName = reactAppUITests;
			productReference = E671177525A86778001D5054 /* reactAppUITests.xctest */;
			productType = "com.apple.product-type.bundle.ui-testing";
		};
/* End PBXNativeTarget section */

/* Begin PBXProject section */
		E671174C25A86773001D5054 /* Project object */ = {
			isa = PBXProject;
			attributes = {
				LastSwiftUpdateCheck = 1220;
				LastUpgradeCheck = 1220;
				TargetAttributes = {
					E671175325A86773001D5054 = {
						CreatedOnToolsVersion = 12.2;
					};
					E671176925A86777001D5054 = {
						CreatedOnToolsVersion = 12.2;
						TestTargetID = E671175325A86773001D5054;
					};
					E671177425A86778001D5054 = {
						CreatedOnToolsVersion = 12.2;
						TestTargetID = E671175325A86773001D5054;
					};
				};
			};
			buildConfigurationList = E671174F25A86773001D5054 /* Build configuration list for PBXProject "reactApp" */;
			compatibilityVersion = "Xcode 9.3";
			developmentRegion = en;
			hasScannedForEncodings = 0;
			knownRegions = (
				en,
				Base,
			);
			mainGroup = E671174B25A86773001D5054;
			productRefGroup = E671175525A86773001D5054 /* Products */;
			projectDirPath = "";
			projectRoot = "";
			targets = (
				E671175325A86773001D5054 /* reactApp */,
				E671176925A86777001D5054 /* reactAppTests */,
				E671177425A86778001D5054 /* reactAppUITests */,
			);
		};
/* End PBXProject section */

/* Begin PBXResourcesBuildPhase section */
		E671175225A86773001D5054 /* Resources */ = {
			isa = PBXResourcesBuildPhase;
			buildActionMask = 2147483647;
			files = (
				E671176425A86777001D5054 /* LaunchScreen.storyboard in Resources */,
				E671176125A86777001D5054 /* Assets.xcassets in Resources */,
				E671175F25A86773001D5054 /* Main.storyboard in Resources */,
			);
			runOnlyForDeploymentPostprocessing = 0;
		};
		E671176825A86777001D5054 /* Resources */ = {
			isa = PBXResourcesBuildPhase;
			buildActionMask = 2147483647;
			files = (
			);
			runOnlyForDeploymentPostprocessing = 0;
		};
		E671177325A86778001D5054 /* Resources */ = {
			isa = PBXResourcesBuildPhase;
			buildActionMask = 2147483647;
			files = (
			);
			runOnlyForDeploymentPostprocessing = 0;
		};
/* End PBXResourcesBuildPhase section */

/* Begin PBXShellScriptBuildPhase section */
		971F7369655B3C7E6F27AAA8 /* [CP] Copy Pods Resources */ = {
			isa = PBXShellScriptBuildPhase;
			buildActionMask = 2147483647;
			files = (
			);
			inputFileListPaths = (
				"${PODS_ROOT}/Target Support Files/Pods-reactApp-reactAppTests/Pods-reactApp-reactAppTests-resources-${CONFIGURATION}-input-files.xcfilelist",
			);
			name = "[CP] Copy Pods Resources";
			outputFileListPaths = (
				"${PODS_ROOT}/Target Support Files/Pods-reactApp-reactAppTests/Pods-reactApp-reactAppTests-resources-${CONFIGURATION}-output-files.xcfilelist",
			);
			runOnlyForDeploymentPostprocessing = 0;
			shellPath = /bin/sh;
			shellScript = "\"${PODS_ROOT}/Target Support Files/Pods-reactApp-reactAppTests/Pods-reactApp-reactAppTests-resources.sh\"\n";
			showEnvVarsInLog = 0;
		};
		B1FE429BCD7566D5D3758194 /* [CP] Copy Pods Resources */ = {
			isa = PBXShellScriptBuildPhase;
			buildActionMask = 2147483647;
			files = (
			);
			inputFileListPaths = (
				"${PODS_ROOT}/Target Support Files/Pods-reactApp/Pods-reactApp-resources-${CONFIGURATION}-input-files.xcfilelist",
			);
			name = "[CP] Copy Pods Resources";
			outputFileListPaths = (
				"${PODS_ROOT}/Target Support Files/Pods-reactApp/Pods-reactApp-resources-${CONFIGURATION}-output-files.xcfilelist",
			);
			runOnlyForDeploymentPostprocessing = 0;
			shellPath = /bin/sh;
			shellScript = "\"${PODS_ROOT}/Target Support Files/Pods-reactApp/Pods-reactApp-resources.sh\"\n";
			showEnvVarsInLog = 0;
		};
		D6F7A971FD75A4F0DA5028B2 /* [CP] Check Pods Manifest.lock */ = {
			isa = PBXShellScriptBuildPhase;
			buildActionMask = 2147483647;
			files = (
			);
			inputFileListPaths = (
			);
			inputPaths = (
				"${PODS_PODFILE_DIR_PATH}/Podfile.lock",
				"${PODS_ROOT}/Manifest.lock",
			);
			name = "[CP] Check Pods Manifest.lock";
			outputFileListPaths = (
			);
			outputPaths = (
				"$(DERIVED_FILE_DIR)/Pods-reactApp-checkManifestLockResult.txt",
			);
			runOnlyForDeploymentPostprocessing = 0;
			shellPath = /bin/sh;
			shellScript = "diff \"${PODS_PODFILE_DIR_PATH}/Podfile.lock\" \"${PODS_ROOT}/Manifest.lock\" > /dev/null\nif [ $? != 0 ] ; then\n    # print error to STDERR\n    echo \"error: The sandbox is not in sync with the Podfile.lock. Run 'pod install' or update your CocoaPods installation.\" >&2\n    exit 1\nfi\n# This output is used by Xcode 'outputs' to avoid re-running this script phase.\necho \"SUCCESS\" > \"${SCRIPT_OUTPUT_FILE_0}\"\n";
			showEnvVarsInLog = 0;
		};
		F855A684D9C78393A1852AA1 /* [CP] Check Pods Manifest.lock */ = {
			isa = PBXShellScriptBuildPhase;
			buildActionMask = 2147483647;
			files = (
			);
			inputFileListPaths = (
			);
			inputPaths = (
				"${PODS_PODFILE_DIR_PATH}/Podfile.lock",
				"${PODS_ROOT}/Manifest.lock",
			);
			name = "[CP] Check Pods Manifest.lock";
			outputFileListPaths = (
			);
			outputPaths = (
				"$(DERIVED_FILE_DIR)/Pods-reactApp-reactAppTests-checkManifestLockResult.txt",
			);
			runOnlyForDeploymentPostprocessing = 0;
			shellPath = /bin/sh;
			shellScript = "diff \"${PODS_PODFILE_DIR_PATH}/Podfile.lock\" \"${PODS_ROOT}/Manifest.lock\" > /dev/null\nif [ $? != 0 ] ; then\n    # print error to STDERR\n    echo \"error: The sandbox is not in sync with the Podfile.lock. Run 'pod install' or update your CocoaPods installation.\" >&2\n    exit 1\nfi\n# This output is used by Xcode 'outputs' to avoid re-running this script phase.\necho \"SUCCESS\" > \"${SCRIPT_OUTPUT_FILE_0}\"\n";
			showEnvVarsInLog = 0;
		};
/* End PBXShellScriptBuildPhase section */

/* Begin PBXSourcesBuildPhase section */
		E671175025A86773001D5054 /* Sources */ = {
			isa = PBXSourcesBuildPhase;
			buildActionMask = 2147483647;
			files = (
				E671175C25A86773001D5054 /* ViewController.swift in Sources */,
				E671175825A86773001D5054 /* AppDelegate.swift in Sources */,
				E671175A25A86773001D5054 /* SceneDelegate.swift in Sources */,
			);
			runOnlyForDeploymentPostprocessing = 0;
		};
		E671176625A86777001D5054 /* Sources */ = {
			isa = PBXSourcesBuildPhase;
			buildActionMask = 2147483647;
			files = (
				E671176F25A86778001D5054 /* reactAppTests.swift in Sources */,
			);
			runOnlyForDeploymentPostprocessing = 0;
		};
		E671177125A86778001D5054 /* Sources */ = {
			isa = PBXSourcesBuildPhase;
			buildActionMask = 2147483647;
			files = (
				E671177A25A86778001D5054 /* reactAppUITests.swift in Sources */,
			);
			runOnlyForDeploymentPostprocessing = 0;
		};
/* End PBXSourcesBuildPhase section */

/* Begin PBXTargetDependency section */
		E671176C25A86778001D5054 /* PBXTargetDependency */ = {
			isa = PBXTargetDependency;
			target = E671175325A86773001D5054 /* reactApp */;
			targetProxy = E671176B25A86778001D5054 /* PBXContainerItemProxy */;
		};
		E671177725A86778001D5054 /* PBXTargetDependency */ = {
			isa = PBXTargetDependency;
			target = E671175325A86773001D5054 /* reactApp */;
			targetProxy = E671177625A86778001D5054 /* PBXContainerItemProxy */;
		};
/* End PBXTargetDependency section */

/* Begin PBXVariantGroup section */
		E671175D25A86773001D5054 /* Main.storyboard */ = {
			isa = PBXVariantGroup;
			children = (
				E671175E25A86773001D5054 /* Base */,
			);
			name = Main.storyboard;
			sourceTree = "<group>";
		};
		E671176225A86777001D5054 /* LaunchScreen.storyboard */ = {
			isa = PBXVariantGroup;
			children = (
				E671176325A86777001D5054 /* Base */,
			);
			name = LaunchScreen.storyboard;
			sourceTree = "<group>";
		};
/* End PBXVariantGroup section */

/* Begin XCBuildConfiguration section */
		E671177C25A86778001D5054 /* Debug */ = {
			isa = XCBuildConfiguration;
			buildSettings = {
				ALWAYS_SEARCH_USER_PATHS = NO;
				CLANG_ANALYZER_NONNULL = YES;
				CLANG_ANALYZER_NUMBER_OBJECT_CONVERSION = YES_AGGRESSIVE;
				CLANG_CXX_LANGUAGE_STANDARD = "gnu++14";
				CLANG_CXX_LIBRARY = "libc++";
				CLANG_ENABLE_MODULES = YES;
				CLANG_ENABLE_OBJC_ARC = YES;
				CLANG_ENABLE_OBJC_WEAK = YES;
				CLANG_WARN_BLOCK_CAPTURE_AUTORELEASING = YES;
				CLANG_WARN_BOOL_CONVERSION = YES;
				CLANG_WARN_COMMA = YES;
				CLANG_WARN_CONSTANT_CONVERSION = YES;
				CLANG_WARN_DEPRECATED_OBJC_IMPLEMENTATIONS = YES;
				CLANG_WARN_DIRECT_OBJC_ISA_USAGE = YES_ERROR;
				CLANG_WARN_DOCUMENTATION_COMMENTS = YES;
				CLANG_WARN_EMPTY_BODY = YES;
				CLANG_WARN_ENUM_CONVERSION = YES;
				CLANG_WARN_INFINITE_RECURSION = YES;
				CLANG_WARN_INT_CONVERSION = YES;
				CLANG_WARN_NON_LITERAL_NULL_CONVERSION = YES;
				CLANG_WARN_OBJC_IMPLICIT_RETAIN_SELF = YES;
				CLANG_WARN_OBJC_LITERAL_CONVERSION = YES;
				CLANG_WARN_OBJC_ROOT_CLASS = YES_ERROR;
				CLANG_WARN_QUOTED_INCLUDE_IN_FRAMEWORK_HEADER = YES;
				CLANG_WARN_RANGE_LOOP_ANALYSIS = YES;
				CLANG_WARN_STRICT_PROTOTYPES = YES;
				CLANG_WARN_SUSPICIOUS_MOVE = YES;
				CLANG_WARN_UNGUARDED_AVAILABILITY = YES_AGGRESSIVE;
				CLANG_WARN_UNREACHABLE_CODE = YES;
				CLANG_WARN__DUPLICATE_METHOD_MATCH = YES;
				COPY_PHASE_STRIP = NO;
				DEBUG_INFORMATION_FORMAT = dwarf;
				ENABLE_STRICT_OBJC_MSGSEND = YES;
				ENABLE_TESTABILITY = YES;
				GCC_C_LANGUAGE_STANDARD = gnu11;
				GCC_DYNAMIC_NO_PIC = NO;
				GCC_NO_COMMON_BLOCKS = YES;
				GCC_OPTIMIZATION_LEVEL = 0;
				GCC_PREPROCESSOR_DEFINITIONS = (
					"DEBUG=1",
					"$(inherited)",
				);
				GCC_WARN_64_TO_32_BIT_CONVERSION = YES;
				GCC_WARN_ABOUT_RETURN_TYPE = YES_ERROR;
				GCC_WARN_UNDECLARED_SELECTOR = YES;
				GCC_WARN_UNINITIALIZED_AUTOS = YES_AGGRESSIVE;
				GCC_WARN_UNUSED_FUNCTION = YES;
				GCC_WARN_UNUSED_VARIABLE = YES;
				IPHONEOS_DEPLOYMENT_TARGET = 14.2;
				MTL_ENABLE_DEBUG_INFO = INCLUDE_SOURCE;
				MTL_FAST_MATH = YES;
				ONLY_ACTIVE_ARCH = YES;
				SDKROOT = iphoneos;
				SWIFT_ACTIVE_COMPILATION_CONDITIONS = DEBUG;
				SWIFT_OPTIMIZATION_LEVEL = "-Onone";
			};
			name = Debug;
		};
		E671177D25A86778001D5054 /* Release */ = {
			isa = XCBuildConfiguration;
			buildSettings = {
				ALWAYS_SEARCH_USER_PATHS = NO;
				CLANG_ANALYZER_NONNULL = YES;
				CLANG_ANALYZER_NUMBER_OBJECT_CONVERSION = YES_AGGRESSIVE;
				CLANG_CXX_LANGUAGE_STANDARD = "gnu++14";
				CLANG_CXX_LIBRARY = "libc++";
				CLANG_ENABLE_MODULES = YES;
				CLANG_ENABLE_OBJC_ARC = YES;
				CLANG_ENABLE_OBJC_WEAK = YES;
				CLANG_WARN_BLOCK_CAPTURE_AUTORELEASING = YES;
				CLANG_WARN_BOOL_CONVERSION = YES;
				CLANG_WARN_COMMA = YES;
				CLANG_WARN_CONSTANT_CONVERSION = YES;
				CLANG_WARN_DEPRECATED_OBJC_IMPLEMENTATIONS = YES;
				CLANG_WARN_DIRECT_OBJC_ISA_USAGE = YES_ERROR;
				CLANG_WARN_DOCUMENTATION_COMMENTS = YES;
				CLANG_WARN_EMPTY_BODY = YES;
				CLANG_WARN_ENUM_CONVERSION = YES;
				CLANG_WARN_INFINITE_RECURSION = YES;
				CLANG_WARN_INT_CONVERSION = YES;
				CLANG_WARN_NON_LITERAL_NULL_CONVERSION = YES;
				CLANG_WARN_OBJC_IMPLICIT_RETAIN_SELF = YES;
				CLANG_WARN_OBJC_LITERAL_CONVERSION = YES;
				CLANG_WARN_OBJC_ROOT_CLASS = YES_ERROR;
				CLANG_WARN_QUOTED_INCLUDE_IN_FRAMEWORK_HEADER = YES;
				CLANG_WARN_RANGE_LOOP_ANALYSIS = YES;
				CLANG_WARN_STRICT_PROTOTYPES = YES;
				CLANG_WARN_SUSPICIOUS_MOVE = YES;
				CLANG_WARN_UNGUARDED_AVAILABILITY = YES_AGGRESSIVE;
				CLANG_WARN_UNREACHABLE_CODE = YES;
				CLANG_WARN__DUPLICATE_METHOD_MATCH = YES;
				COPY_PHASE_STRIP = NO;
				DEBUG_INFORMATION_FORMAT = "dwarf-with-dsym";
				ENABLE_NS_ASSERTIONS = NO;
				ENABLE_STRICT_OBJC_MSGSEND = YES;
				GCC_C_LANGUAGE_STANDARD = gnu11;
				GCC_NO_COMMON_BLOCKS = YES;
				GCC_WARN_64_TO_32_BIT_CONVERSION = YES;
				GCC_WARN_ABOUT_RETURN_TYPE = YES_ERROR;
				GCC_WARN_UNDECLARED_SELECTOR = YES;
				GCC_WARN_UNINITIALIZED_AUTOS = YES_AGGRESSIVE;
				GCC_WARN_UNUSED_FUNCTION = YES;
				GCC_WARN_UNUSED_VARIABLE = YES;
				IPHONEOS_DEPLOYMENT_TARGET = 14.2;
				MTL_ENABLE_DEBUG_INFO = NO;
				MTL_FAST_MATH = YES;
				SDKROOT = iphoneos;
				SWIFT_COMPILATION_MODE = wholemodule;
				SWIFT_OPTIMIZATION_LEVEL = "-O";
				VALIDATE_PRODUCT = YES;
			};
			name = Release;
		};
		E671177F25A86778001D5054 /* Debug */ = {
			isa = XCBuildConfiguration;
			baseConfigurationReference = FFCB98381B5886A296AB9DAB /* Pods-reactApp.debug.xcconfig */;
			buildSettings = {
				ASSETCATALOG_COMPILER_APPICON_NAME = AppIcon;
				ASSETCATALOG_COMPILER_GLOBAL_ACCENT_COLOR_NAME = AccentColor;
				CODE_SIGN_STYLE = Automatic;
				DEVELOPMENT_TEAM = 5Y5B7T2WP7;
				INFOPLIST_FILE = reactApp/Info.plist;
				LD_RUNPATH_SEARCH_PATHS = (
					"$(inherited)",
					"@executable_path/Frameworks",
				);
				PRODUCT_BUNDLE_IDENTIFIER = imapp.reactApp;
				PRODUCT_NAME = "$(TARGET_NAME)";
				SWIFT_VERSION = 5.0;
				TARGETED_DEVICE_FAMILY = "1,2";
			};
			name = Debug;
		};
		E671178025A86778001D5054 /* Release */ = {
			isa = XCBuildConfiguration;
			baseConfigurationReference = B0F369ED191AAD8F8595D4B4 /* Pods-reactApp.release.xcconfig */;
			buildSettings = {
				ASSETCATALOG_COMPILER_APPICON_NAME = AppIcon;
				ASSETCATALOG_COMPILER_GLOBAL_ACCENT_COLOR_NAME = AccentColor;
				CODE_SIGN_STYLE = Automatic;
				DEVELOPMENT_TEAM = 5Y5B7T2WP7;
				INFOPLIST_FILE = reactApp/Info.plist;
				LD_RUNPATH_SEARCH_PATHS = (
					"$(inherited)",
					"@executable_path/Frameworks",
				);
				PRODUCT_BUNDLE_IDENTIFIER = imapp.reactApp;
				PRODUCT_NAME = "$(TARGET_NAME)";
				SWIFT_VERSION = 5.0;
				TARGETED_DEVICE_FAMILY = "1,2";
			};
			name = Release;
		};
		E671178225A86778001D5054 /* Debug */ = {
			isa = XCBuildConfiguration;
			baseConfigurationReference = 095467870220E0AC5AF4AC5E /* Pods-reactApp-reactAppTests.debug.xcconfig */;
			buildSettings = {
				ALWAYS_EMBED_SWIFT_STANDARD_LIBRARIES = YES;
				BUNDLE_LOADER = "$(TEST_HOST)";
				CODE_SIGN_STYLE = Automatic;
				DEVELOPMENT_TEAM = 5Y5B7T2WP7;
				INFOPLIST_FILE = reactAppTests/Info.plist;
				IPHONEOS_DEPLOYMENT_TARGET = 14.2;
				LD_RUNPATH_SEARCH_PATHS = (
					"$(inherited)",
					"@executable_path/Frameworks",
					"@loader_path/Frameworks",
				);
				PRODUCT_BUNDLE_IDENTIFIER = imapp.reactAppTests;
				PRODUCT_NAME = "$(TARGET_NAME)";
				SWIFT_VERSION = 5.0;
				TARGETED_DEVICE_FAMILY = "1,2";
				TEST_HOST = "$(BUILT_PRODUCTS_DIR)/reactApp.app/reactApp";
			};
			name = Debug;
		};
		E671178325A86778001D5054 /* Release */ = {
			isa = XCBuildConfiguration;
			baseConfigurationReference = A50B8006A5553286200477E8 /* Pods-reactApp-reactAppTests.release.xcconfig */;
			buildSettings = {
				ALWAYS_EMBED_SWIFT_STANDARD_LIBRARIES = YES;
				BUNDLE_LOADER = "$(TEST_HOST)";
				CODE_SIGN_STYLE = Automatic;
				DEVELOPMENT_TEAM = 5Y5B7T2WP7;
				INFOPLIST_FILE = reactAppTests/Info.plist;
				IPHONEOS_DEPLOYMENT_TARGET = 14.2;
				LD_RUNPATH_SEARCH_PATHS = (
					"$(inherited)",
					"@executable_path/Frameworks",
					"@loader_path/Frameworks",
				);
				PRODUCT_BUNDLE_IDENTIFIER = imapp.reactAppTests;
				PRODUCT_NAME = "$(TARGET_NAME)";
				SWIFT_VERSION = 5.0;
				TARGETED_DEVICE_FAMILY = "1,2";
				TEST_HOST = "$(BUILT_PRODUCTS_DIR)/reactApp.app/reactApp";
			};
			name = Release;
		};
		E671178525A86778001D5054 /* Debug */ = {
			isa = XCBuildConfiguration;
			buildSettings = {
				ALWAYS_EMBED_SWIFT_STANDARD_LIBRARIES = YES;
				CODE_SIGN_STYLE = Automatic;
				DEVELOPMENT_TEAM = 5Y5B7T2WP7;
				INFOPLIST_FILE = reactAppUITests/Info.plist;
				LD_RUNPATH_SEARCH_PATHS = (
					"$(inherited)",
					"@executable_path/Frameworks",
					"@loader_path/Frameworks",
				);
				PRODUCT_BUNDLE_IDENTIFIER = imapp.reactAppUITests;
				PRODUCT_NAME = "$(TARGET_NAME)";
				SWIFT_VERSION = 5.0;
				TARGETED_DEVICE_FAMILY = "1,2";
				TEST_TARGET_NAME = reactApp;
			};
			name = Debug;
		};
		E671178625A86778001D5054 /* Release */ = {
			isa = XCBuildConfiguration;
			buildSettings = {
				ALWAYS_EMBED_SWIFT_STANDARD_LIBRARIES = YES;
				CODE_SIGN_STYLE = Automatic;
				DEVELOPMENT_TEAM = 5Y5B7T2WP7;
				INFOPLIST_FILE = reactAppUITests/Info.plist;
				LD_RUNPATH_SEARCH_PATHS = (
					"$(inherited)",
					"@executable_path/Frameworks",
					"@loader_path/Frameworks",
				);
				PRODUCT_BUNDLE_IDENTIFIER = imapp.reactAppUITests;
				PRODUCT_NAME = "$(TARGET_NAME)";
				SWIFT_VERSION = 5.0;
				TARGETED_DEVICE_FAMILY = "1,2";
				TEST_TARGET_NAME = reactApp;
			};
			name = Release;
		};
/* End XCBuildConfiguration section */

/* Begin XCConfigurationList section */
		E671174F25A86773001D5054 /* Build configuration list for PBXProject "reactApp" */ = {
			isa = XCConfigurationList;
			buildConfigurations = (
				E671177C25A86778001D5054 /* Debug */,
				E671177D25A86778001D5054 /* Release */,
			);
			defaultConfigurationIsVisible = 0;
			defaultConfigurationName = Release;
		};
		E671177E25A86778001D5054 /* Build configuration list for PBXNativeTarget "reactApp" */ = {
			isa = XCConfigurationList;
			buildConfigurations = (
				E671177F25A86778001D5054 /* Debug */,
				E671178025A86778001D5054 /* Release */,
			);
			defaultConfigurationIsVisible = 0;
			defaultConfigurationName = Release;
		};
		E671178125A86778001D5054 /* Build configuration list for PBXNativeTarget "reactAppTests" */ = {
			isa = XCConfigurationList;
			buildConfigurations = (
				E671178225A86778001D5054 /* Debug */,
				E671178325A86778001D5054 /* Release */,
			);
			defaultConfigurationIsVisible = 0;
			defaultConfigurationName = Release;
		};
		E671178425A86778001D5054 /* Build configuration list for PBXNativeTarget "reactAppUITests" */ = {
			isa = XCConfigurationList;
			buildConfigurations = (
				E671178525A86778001D5054 /* Debug */,
				E671178625A86778001D5054 /* Release */,
			);
			defaultConfigurationIsVisible = 0;
			defaultConfigurationName = Release;
		};
/* End XCConfigurationList section */
	};
	rootObject = E671174C25A86773001D5054 /* Project object */;
}
